// !$*UTF8*$!
{
	archiveVersion = 1;
	classes = {
	};
	objectVersion = 46;
	objects = {

/* Begin PBXBuildFile section */
		169ADD021D45C80B00BDEA6D /* AppDelegate.swift in Sources */ = {isa = PBXBuildFile; fileRef = 169ADD011D45C80B00BDEA6D /* AppDelegate.swift */; };
		169ADD041D45C80B00BDEA6D /* ViewController.swift in Sources */ = {isa = PBXBuildFile; fileRef = 169ADD031D45C80B00BDEA6D /* ViewController.swift */; };
		169ADD071D45C80B00BDEA6D /* Main.storyboard in Resources */ = {isa = PBXBuildFile; fileRef = 169ADD051D45C80B00BDEA6D /* Main.storyboard */; };
		169ADD091D45C80B00BDEA6D /* Assets.xcassets in Resources */ = {isa = PBXBuildFile; fileRef = 169ADD081D45C80B00BDEA6D /* Assets.xcassets */; };
		169ADD0C1D45C80B00BDEA6D /* LaunchScreen.storyboard in Resources */ = {isa = PBXBuildFile; fileRef = 169ADD0A1D45C80B00BDEA6D /* LaunchScreen.storyboard */; };
		169ADD141D45C97400BDEA6D /* Tri Ky - Phan Manh Quynh.mp3 in Resources */ = {isa = PBXBuildFile; fileRef = 169ADD131D45C97400BDEA6D /* Tri Ky - Phan Manh Quynh.mp3 */; };
/* End PBXBuildFile section */

/* Begin PBXFileReference section */
		169ADCFE1D45C80B00BDEA6D /* DemoUISlider.app */ = {isa = PBXFileReference; explicitFileType = wrapper.application; includeInIndex = 0; path = DemoUISlider.app; sourceTree = BUILT_PRODUCTS_DIR; };
		169ADD011D45C80B00BDEA6D /* AppDelegate.swift */ = {isa = PBXFileReference; lastKnownFileType = sourcecode.swift; path = AppDelegate.swift; sourceTree = "<group>"; };
		169ADD031D45C80B00BDEA6D /* ViewController.swift */ = {isa = PBXFileReference; lastKnownFileType = sourcecode.swift; path = ViewController.swift; sourceTree = "<group>"; };
		169ADD061D45C80B00BDEA6D /* Base */ = {isa = PBXFileReference; lastKnownFileType = file.storyboard; name = Base; path = Base.lproj/Main.storyboard; sourceTree = "<group>"; };
		169ADD081D45C80B00BDEA6D /* Assets.xcassets */ = {isa = PBXFileReference; lastKnownFileType = folder.assetcatalog; path = Assets.xcassets; sourceTree = "<group>"; };
		169ADD0B1D45C80B00BDEA6D /* Base */ = {isa = PBXFileReference; lastKnownFileType = file.storyboard; name = Base; path = Base.lproj/LaunchScreen.storyboard; sourceTree = "<group>"; };
		169ADD0D1D45C80B00BDEA6D /* Info.plist */ = {isa = PBXFileReference; lastKnownFileType = text.plist.xml; path = Info.plist; sourceTree = "<group>"; };
		169ADD131D45C97400BDEA6D /* Tri Ky - Phan Manh Quynh.mp3 */ = {isa = PBXFileReference; lastKnownFileType = audio.mp3; path = "Tri Ky - Phan Manh Quynh.mp3"; sourceTree = "<group>"; };
/* End PBXFileReference section */

/* Begin PBXFrameworksBuildPhase section */
		169ADCFB1D45C80B00BDEA6D /* Frameworks */ = {
			isa = PBXFrameworksBuildPhase;
			buildActionMask = 2147483647;
			files = (
			);
			runOnlyForDeploymentPostprocessing = 0;
		};
/* End PBXFrameworksBuildPhase section */

/* Begin PBXGroup section */
		169ADCF51D45C80B00BDEA6D = {
			isa = PBXGroup;
			children = (
				169ADD001D45C80B00BDEA6D /* DemoUISlider */,
				169ADCFF1D45C80B00BDEA6D /* Products */,
			);
			sourceTree = "<group>";
		};
		169ADCFF1D45C80B00BDEA6D /* Products */ = {
			isa = PBXGroup;
			children = (
				169ADCFE1D45C80B00BDEA6D /* DemoUISlider.app */,
			);
			name = Products;
			sourceTree = "<group>";
		};
		169ADD001D45C80B00BDEA6D /* DemoUISlider */ = {
			isa = PBXGroup;
			children = (
				169ADD011D45C80B00BDEA6D /* AppDelegate.swift */,
				169ADD031D45C80B00BDEA6D /* ViewController.swift */,
				169ADD051D45C80B00BDEA6D /* Main.storyboard */,
				169ADD081D45C80B00BDEA6D /* Assets.xcassets */,
				169ADD0A1D45C80B00BDEA6D /* LaunchScreen.storyboard */,
				169ADD0D1D45C80B00BDEA6D /* Info.plist */,
				169ADD131D45C97400BDEA6D /* Tri Ky - Phan Manh Quynh.mp3 */,
			);
			path = DemoUISlider;
			sourceTree = "<group>";
		};
/* End PBXGroup section */

/* Begin PBXNativeTarget section */
		169ADCFD1D45C80B00BDEA6D /* DemoUISlider */ = {
			isa = PBXNativeTarget;
			buildConfigurationList = 169ADD101D45C80B00BDEA6D /* Build configuration list for PBXNativeTarget "DemoUISlider" */;
			buildPhases = (
				169ADCFA1D45C80B00BDEA6D /* Sources */,
				169ADCFB1D45C80B00BDEA6D /* Frameworks */,
				169ADCFC1D45C80B00BDEA6D /* Resources */,
			);
			buildRules = (
			);
			dependencies = (
			);
			name = DemoUISlider;
			productName = DemoUISlider;
			productReference = 169ADCFE1D45C80B00BDEA6D /* DemoUISlider.app */;
			productType = "com.apple.product-type.application";
		};
/* End PBXNativeTarget section */

/* Begin PBXProject section */
		169ADCF61D45C80B00BDEA6D /* Project object */ = {
			isa = PBXProject;
			attributes = {
				LastSwiftUpdateCheck = 0730;
				LastUpgradeCheck = 0730;
				ORGANIZATIONNAME = ReasonAmu;
				TargetAttributes = {
					169ADCFD1D45C80B00BDEA6D = {
						CreatedOnToolsVersion = 7.3.1;
						DevelopmentTeam = 7Y55XY9K89;
					};
				};
			};
			buildConfigurationList = 169ADCF91D45C80B00BDEA6D /* Build configuration list for PBXProject "DemoUISlider" */;
			compatibilityVersion = "Xcode 3.2";
			developmentRegion = English;
			hasScannedForEncodings = 0;
			knownRegions = (
				en,
				Base,
			);
			mainGroup = 169ADCF51D45C80B00BDEA6D;
			productRefGroup = 169ADCFF1D45C80B00BDEA6D /* Products */;
			projectDirPath = "";
			projectRoot = "";
			targets = (
				169ADCFD1D45C80B00BDEA6D /* DemoUISlider */,
			);
		};
/* End PBXProject section */

/* Begin PBXResourcesBuildPhase section */
		169ADCFC1D45C80B00BDEA6D /* Resources */ = {
			isa = PBXResourcesBuildPhase;
			buildActionMask = 2147483647;
			files = (
				169ADD0C1D45C80B00BDEA6D /* LaunchScreen.storyboard in Resources */,
				169ADD091D45C80B00BDEA6D /* Assets.xcassets in Resources */,
				169ADD141D45C97400BDEA6D /* Tri Ky - Phan Manh Quynh.mp3 in Resources */,
				169ADD071D45C80B00BDEA6D /* Main.storyboard in Resources */,
			);
			runOnlyForDeploymentPostprocessing = 0;
		};
/* End PBXResourcesBuildPhase section */

/* Begin PBXSourcesBuildPhase section */
		169ADCFA1D45C80B00BDEA6D /* Sources */ = {
			isa = PBXSourcesBuildPhase;
			buildActionMask = 2147483647;
			files = (
				169ADD041D45C80B00BDEA6D /* ViewController.swift in Sources */,
				169ADD021D45C80B00BDEA6D /* AppDelegate.swift in Sources */,
			);
			runOnlyForDeploymentPostprocessing = 0;
		};
/* End PBXSourcesBuildPhase section */

/* Begin PBXVariantGroup section */
		169ADD051D45C80B00BDEA6D /* Main.storyboard */ = {
			isa = PBXVariantGroup;
			children = (
				169ADD061D45C80B00BDEA6D /* Base */,
			);
			name = Main.storyboard;
			sourceTree = "<group>";
		};
		169ADD0A1D45C80B00BDEA6D /* LaunchScreen.storyboard */ = {
			isa = PBXVariantGroup;
			children = (
				169ADD0B1D45C80B00BDEA6D /* Base */,
			);
			name = LaunchScreen.storyboard;
			sourceTree = "<group>";
		};
/* End PBXVariantGroup section */

/* Begin XCBuildConfiguration section */
		169ADD0E1D45C80B00BDEA6D /* Debug */ = {
			isa = XCBuildConfiguration;
			buildSettings = {
				ALWAYS_SEARCH_USER_PATHS = NO;
				CLANG_ANALYZER_NONNULL = YES;
				CLANG_CXX_LANGUAGE_STANDARD = "gnu++0x";
				CLANG_CXX_LIBRARY = "libc++";
				CLANG_ENABLE_MODULES = YES;
				CLANG_ENABLE_OBJC_ARC = YES;
				CLANG_WARN_BOOL_CONVERSION = YES;
				CLANG_WARN_CONSTANT_CONVERSION = YES;
				CLANG_WARN_DIRECT_OBJC_ISA_USAGE = YES_ERROR;
				CLANG_WARN_EMPTY_BODY = YES;
				CLANG_WARN_ENUM_CONVERSION = YES;
				CLANG_WARN_INT_CONVERSION = YES;
				CLANG_WARN_OBJC_ROOT_CLASS = YES_ERROR;
				CLANG_WARN_UNREACHABLE_CODE = YES;
				CLANG_WARN__DUPLICATE_METHOD_MATCH = YES;
				"CODE_SIGN_IDENTITY[sdk=iphoneos*]" = "iPhone Developer";
				COPY_PHASE_STRIP = NO;
				DEBUG_INFORMATION_FORMAT = dwarf;
				ENABLE_STRICT_OBJC_MSGSEND = YES;
				ENABLE_TESTABILITY = YES;
				GCC_C_LANGUAGE_STANDARD = gnu99;
				GCC_DYNAMIC_NO_PIC = NO;
				GCC_NO_COMMON_BLOCKS = YES;
				GCC_OPTIMIZATION_LEVEL = 0;
				GCC_PREPROCESSOR_DEFINITIONS = (
					"DEBUG=1",
					"$(inherited)",
				);
				GCC_WARN_64_TO_32_BIT_CONVERSION = YES;
				GCC_WARN_ABOUT_RETURN_TYPE = YES_ERROR;
				GCC_WARN_UNDECLARED_SELECTOR = YES;
				GCC_WARN_UNINITIALIZED_AUTOS = YES_AGGRESSIVE;
				GCC_WARN_UNUSED_FUNCTION = YES;
				GCC_WARN_UNUSED_VARIABLE = YES;
				IPHONEOS_DEPLOYMENT_TARGET = 9.3;
				MTL_ENABLE_DEBUG_INFO = YES;
				ONLY_ACTIVE_ARCH = YES;
				SDKROOT = iphoneos;
				SWIFT_OPTIMIZATION_LEVEL = "-Onone";
				TARGETED_DEVICE_FAMILY = "1,2";
			};
			name = Debug;
		};
		169ADD0F1D45C80B00BDEA6D /* Release */ = {
			isa = XCBuildConfiguration;
			buildSettings = {
				ALWAYS_SEARCH_USER_PATHS = NO;
				CLANG_ANALYZER_NONNULL = YES;
				CLANG_CXX_LANGUAGE_STANDARD = "gnu++0x";
				CLANG_CXX_LIBRARY = "libc++";
				CLANG_ENABLE_MODULES = YES;
				CLANG_ENABLE_OBJC_ARC = YES;
				CLANG_WARN_BOOL_CONVERSION = YES;
				CLANG_WARN_CONSTANT_CONVERSION = YES;
				CLANG_WARN_DIRECT_OBJC_ISA_USAGE = YES_ERROR;
				CLANG_WARN_EMPTY_BODY = YES;
				CLANG_WARN_ENUM_CONVERSION = YES;
				CLANG_WARN_INT_CONVERSION = YES;
				CLANG_WARN_OBJC_ROOT_CLASS = YES_ERROR;
				CLANG_WARN_UNREACHABLE_CODE = YES;
				CLANG_WARN__DUPLICATE_METHOD_MATCH = YES;
				"CODE_SIGN_IDENTITY[sdk=iphoneos*]" = "iPhone Developer";
				COPY_PHASE_STRIP = NO;
				DEBUG_INFORMATION_FORMAT = "dwarf-with-dsym";
				ENABLE_NS_ASSERTIONS = NO;
				ENABLE_STRICT_OBJC_MSGSEND = YES;
				GCC_C_LANGUAGE_STANDARD = gnu99;
				GCC_NO_COMMON_BLOCKS = YES;
				GCC_WARN_64_TO_32_BIT_CONVERSION = YES;
				GCC_WARN_ABOUT_RETURN_TYPE = YES_ERROR;
				GCC_WARN_UNDECLARED_SELECTOR = YES;
				GCC_WARN_UNINITIALIZED_AUTOS = YES_AGGRESSIVE;
				GCC_WARN_UNUSED_FUNCTION = YES;
				GCC_WARN_UNUSED_VARIABLE = YES;
				IPHONEOS_DEPLOYMENT_TARGET = 9.3;
				MTL_ENABLE_DEBUG_INFO = NO;
				SDKROOT = iphoneos;
				TARGETED_DEVICE_FAMILY = "1,2";
				VALIDATE_PRODUCT = YES;
			};
			name = Release;
		};
		169ADD111D45C80B00BDEA6D /* Debug */ = {
			isa = XCBuildConfiguration;
			buildSettings = {
				ASSETCATALOG_COMPILER_APPICON_NAME = AppIcon;
				INFOPLIST_FILE = DemoUISlider/Info.plist;
				LD_RUNPATH_SEARCH_PATHS = "$(inherited) @executable_path/Frameworks";
				PRODUCT_BUNDLE_IDENTIFIER = TechMaster.DemoUISlider;
				PRODUCT_NAME = "$(TARGET_NAME)";
			};
			name = Debug;
		};
		169ADD121D45C80B00BDEA6D /* Release */ = {
			isa = XCBuildConfiguration;
			buildSettings = {
				ASSETCATALOG_COMPILER_APPICON_NAME = AppIcon;
				INFOPLIST_FILE = DemoUISlider/Info.plist;
				LD_RUNPATH_SEARCH_PATHS = "$(inherited) @executable_path/Frameworks";
				PRODUCT_BUNDLE_IDENTIFIER = TechMaster.DemoUISlider;
				PRODUCT_NAME = "$(TARGET_NAME)";
			};
			name = Release;
		};
/* End XCBuildConfiguration section */

/* Begin XCConfigurationList section */
		169ADCF91D45C80B00BDEA6D /* Build configuration list for PBXProject "DemoUISlider" */ = {
			isa = XCConfigurationList;
			buildConfigurations = (
				169ADD0E1D45C80B00BDEA6D /* Debug */,
				169ADD0F1D45C80B00BDEA6D /* Release */,
			);
			defaultConfigurationIsVisible = 0;
			defaultConfigurationName = Release;
		};
		169ADD101D45C80B00BDEA6D /* Build configuration list for PBXNativeTarget "DemoUISlider" */ = {
			isa = XCConfigurationList;
			buildConfigurations = (
				169ADD111D45C80B00BDEA6D /* Debug */,
				169ADD121D45C80B00BDEA6D /* Release */,
			);
			defaultConfigurationIsVisible = 0;
			defaultConfigurationName = Release;
		};
/* End XCConfigurationList section */
	};
	rootObject = 169ADCF61D45C80B00BDEA6D /* Project object */;
}
